// !$*UTF8*$!
{
	archiveVersion = 1;
	classes = {
	};
	objectVersion = 50;
	objects = {

/* Begin PBXBuildFile section */
		D93CBC9826399A7B0084DC0E /* AllListsVC.swift in Sources */ = {isa = PBXBuildFile; fileRef = D93CBC9726399A7B0084DC0E /* AllListsVC.swift */; };
		D93CBC9B2639A0B40084DC0E /* Checklist.swift in Sources */ = {isa = PBXBuildFile; fileRef = D93CBC9A2639A0B40084DC0E /* Checklist.swift */; };
		D93CBC9F2639AA860084DC0E /* ListDetailsVC.swift in Sources */ = {isa = PBXBuildFile; fileRef = D93CBC9E2639AA860084DC0E /* ListDetailsVC.swift */; };
		D96D1952263A175C00B52594 /* DataModel.swift in Sources */ = {isa = PBXBuildFile; fileRef = D96D1951263A175C00B52594 /* DataModel.swift */; };
		D980EB382637341C008D2A04 /* AppDelegate.swift in Sources */ = {isa = PBXBuildFile; fileRef = D980EB372637341C008D2A04 /* AppDelegate.swift */; };
		D980EB3A2637341C008D2A04 /* SceneDelegate.swift in Sources */ = {isa = PBXBuildFile; fileRef = D980EB392637341C008D2A04 /* SceneDelegate.swift */; };
		D980EB3F2637341C008D2A04 /* Main.storyboard in Resources */ = {isa = PBXBuildFile; fileRef = D980EB3D2637341C008D2A04 /* Main.storyboard */; };
		D980EB412637341D008D2A04 /* Assets.xcassets in Resources */ = {isa = PBXBuildFile; fileRef = D980EB402637341D008D2A04 /* Assets.xcassets */; };
		D980EB5026373471008D2A04 /* CheckListVC.swift in Sources */ = {isa = PBXBuildFile; fileRef = D980EB4F26373471008D2A04 /* CheckListVC.swift */; };
		D980EB54263735B7008D2A04 /* CheckListItem.swift in Sources */ = {isa = PBXBuildFile; fileRef = D980EB53263735B7008D2A04 /* CheckListItem.swift */; };
		D980EB5726373829008D2A04 /* ItemDetailsVC.swift in Sources */ = {isa = PBXBuildFile; fileRef = D980EB5626373829008D2A04 /* ItemDetailsVC.swift */; };
		D98F1048263AE3F300386B3C /* IconPickerVC.swift in Sources */ = {isa = PBXBuildFile; fileRef = D98F1047263AE3F300386B3C /* IconPickerVC.swift */; };
/* End PBXBuildFile section */

/* Begin PBXFileReference section */
		D93CBC9726399A7B0084DC0E /* AllListsVC.swift */ = {isa = PBXFileReference; lastKnownFileType = sourcecode.swift; path = AllListsVC.swift; sourceTree = "<group>"; };
		D93CBC9A2639A0B40084DC0E /* Checklist.swift */ = {isa = PBXFileReference; lastKnownFileType = sourcecode.swift; path = Checklist.swift; sourceTree = "<group>"; };
		D93CBC9E2639AA860084DC0E /* ListDetailsVC.swift */ = {isa = PBXFileReference; lastKnownFileType = sourcecode.swift; path = ListDetailsVC.swift; sourceTree = "<group>"; };
		D96D1951263A175C00B52594 /* DataModel.swift */ = {isa = PBXFileReference; lastKnownFileType = sourcecode.swift; path = DataModel.swift; sourceTree = "<group>"; };
		D980EB342637341C008D2A04 /* CheckLists.app */ = {isa = PBXFileReference; explicitFileType = wrapper.application; includeInIndex = 0; path = CheckLists.app; sourceTree = BUILT_PRODUCTS_DIR; };
		D980EB372637341C008D2A04 /* AppDelegate.swift */ = {isa = PBXFileReference; lastKnownFileType = sourcecode.swift; path = AppDelegate.swift; sourceTree = "<group>"; };
		D980EB392637341C008D2A04 /* SceneDelegate.swift */ = {isa = PBXFileReference; lastKnownFileType = sourcecode.swift; path = SceneDelegate.swift; sourceTree = "<group>"; };
		D980EB3E2637341C008D2A04 /* Base */ = {isa = PBXFileReference; lastKnownFileType = file.storyboard; name = Base; path = Base.lproj/Main.storyboard; sourceTree = "<group>"; };
		D980EB402637341D008D2A04 /* Assets.xcassets */ = {isa = PBXFileReference; lastKnownFileType = folder.assetcatalog; path = Assets.xcassets; sourceTree = "<group>"; };
		D980EB452637341D008D2A04 /* Info.plist */ = {isa = PBXFileReference; lastKnownFileType = text.plist.xml; path = Info.plist; sourceTree = "<group>"; };
		D980EB4F26373471008D2A04 /* CheckListVC.swift */ = {isa = PBXFileReference; lastKnownFileType = sourcecode.swift; path = CheckListVC.swift; sourceTree = "<group>"; };
		D980EB53263735B7008D2A04 /* CheckListItem.swift */ = {isa = PBXFileReference; lastKnownFileType = sourcecode.swift; path = CheckListItem.swift; sourceTree = "<group>"; };
		D980EB5626373829008D2A04 /* ItemDetailsVC.swift */ = {isa = PBXFileReference; lastKnownFileType = sourcecode.swift; path = ItemDetailsVC.swift; sourceTree = "<group>"; };
		D98F1047263AE3F300386B3C /* IconPickerVC.swift */ = {isa = PBXFileReference; lastKnownFileType = sourcecode.swift; path = IconPickerVC.swift; sourceTree = "<group>"; };
/* End PBXFileReference section */

/* Begin PBXFrameworksBuildPhase section */
		D980EB312637341C008D2A04 /* Frameworks */ = {
			isa = PBXFrameworksBuildPhase;
			buildActionMask = 2147483647;
			files = (
			);
			runOnlyForDeploymentPostprocessing = 0;
		};
/* End PBXFrameworksBuildPhase section */

/* Begin PBXGroup section */
		D980EB2B2637341C008D2A04 = {
			isa = PBXGroup;
			children = (
				D980EB362637341C008D2A04 /* CheckLists */,
				D980EB352637341C008D2A04 /* Products */,
			);
			sourceTree = "<group>";
		};
		D980EB352637341C008D2A04 /* Products */ = {
			isa = PBXGroup;
			children = (
				D980EB342637341C008D2A04 /* CheckLists.app */,
			);
			name = Products;
			sourceTree = "<group>";
		};
		D980EB362637341C008D2A04 /* CheckLists */ = {
			isa = PBXGroup;
			children = (
				D980EB452637341D008D2A04 /* Info.plist */,
				D980EB5B2637391F008D2A04 /* Controllers */,
				D980EB5E26373938008D2A04 /* Model */,
				D980EB5F2637393F008D2A04 /* Resources */,
				D980EB5C26373928008D2A04 /* View */,
			);
			path = CheckLists;
			sourceTree = "<group>";
		};
		D980EB5B2637391F008D2A04 /* Controllers */ = {
			isa = PBXGroup;
			children = (
				D93CBC9726399A7B0084DC0E /* AllListsVC.swift */,
				D980EB4F26373471008D2A04 /* CheckListVC.swift */,
				D980EB5626373829008D2A04 /* ItemDetailsVC.swift */,
				D93CBC9E2639AA860084DC0E /* ListDetailsVC.swift */,
				D98F1047263AE3F300386B3C /* IconPickerVC.swift */,
			);
			path = Controllers;
			sourceTree = "<group>";
		};
		D980EB5C26373928008D2A04 /* View */ = {
			isa = PBXGroup;
			children = (
				D980EB3D2637341C008D2A04 /* Main.storyboard */,
			);
			path = View;
			sourceTree = "<group>";
		};
		D980EB5E26373938008D2A04 /* Model */ = {
			isa = PBXGroup;
			children = (
				D96D1951263A175C00B52594 /* DataModel.swift */,
				D93CBC9A2639A0B40084DC0E /* Checklist.swift */,
				D980EB53263735B7008D2A04 /* CheckListItem.swift */,
			);
			path = Model;
			sourceTree = "<group>";
		};
		D980EB5F2637393F008D2A04 /* Resources */ = {
			isa = PBXGroup;
			children = (
				D980EB372637341C008D2A04 /* AppDelegate.swift */,
				D980EB392637341C008D2A04 /* SceneDelegate.swift */,
				D980EB402637341D008D2A04 /* Assets.xcassets */,
			);
			path = Resources;
			sourceTree = "<group>";
		};
/* End PBXGroup section */

/* Begin PBXNativeTarget section */
		D980EB332637341C008D2A04 /* CheckLists */ = {
			isa = PBXNativeTarget;
			buildConfigurationList = D980EB482637341D008D2A04 /* Build configuration list for PBXNativeTarget "CheckLists" */;
			buildPhases = (
				D980EB302637341C008D2A04 /* Sources */,
				D980EB312637341C008D2A04 /* Frameworks */,
				D980EB322637341C008D2A04 /* Resources */,
			);
			buildRules = (
			);
			dependencies = (
			);
			name = CheckLists;
			productName = CheckLists;
			productReference = D980EB342637341C008D2A04 /* CheckLists.app */;
			productType = "com.apple.product-type.application";
		};
/* End PBXNativeTarget section */

/* Begin PBXProject section */
		D980EB2C2637341C008D2A04 /* Project object */ = {
			isa = PBXProject;
			attributes = {
				LastSwiftUpdateCheck = 1240;
				LastUpgradeCheck = 1240;
				TargetAttributes = {
					D980EB332637341C008D2A04 = {
						CreatedOnToolsVersion = 12.4;
					};
				};
			};
			buildConfigurationList = D980EB2F2637341C008D2A04 /* Build configuration list for PBXProject "CheckLists" */;
			compatibilityVersion = "Xcode 9.3";
			developmentRegion = en;
			hasScannedForEncodings = 0;
			knownRegions = (
				en,
				Base,
			);
			mainGroup = D980EB2B2637341C008D2A04;
			productRefGroup = D980EB352637341C008D2A04 /* Products */;
			projectDirPath = "";
			projectRoot = "";
			targets = (
				D980EB332637341C008D2A04 /* CheckLists */,
			);
		};
/* End PBXProject section */

/* Begin PBXResourcesBuildPhase section */
		D980EB322637341C008D2A04 /* Resources */ = {
			isa = PBXResourcesBuildPhase;
			buildActionMask = 2147483647;
			files = (
				D980EB412637341D008D2A04 /* Assets.xcassets in Resources */,
				D980EB3F2637341C008D2A04 /* Main.storyboard in Resources */,
			);
			runOnlyForDeploymentPostprocessing = 0;
		};
/* End PBXResourcesBuildPhase section */

/* Begin PBXSourcesBuildPhase section */
		D980EB302637341C008D2A04 /* Sources */ = {
			isa = PBXSourcesBuildPhase;
			buildActionMask = 2147483647;
			files = (
				D980EB5026373471008D2A04 /* CheckListVC.swift in Sources */,
				D93CBC9F2639AA860084DC0E /* ListDetailsVC.swift in Sources */,
				D980EB382637341C008D2A04 /* AppDelegate.swift in Sources */,
				D98F1048263AE3F300386B3C /* IconPickerVC.swift in Sources */,
				D980EB3A2637341C008D2A04 /* SceneDelegate.swift in Sources */,
				D980EB54263735B7008D2A04 /* CheckListItem.swift in Sources */,
				D93CBC9826399A7B0084DC0E /* AllListsVC.swift in Sources */,
				D980EB5726373829008D2A04 /* ItemDetailsVC.swift in Sources */,
				D93CBC9B2639A0B40084DC0E /* Checklist.swift in Sources */,
				D96D1952263A175C00B52594 /* DataModel.swift in Sources */,
			);
			runOnlyForDeploymentPostprocessing = 0;
		};
/* End PBXSourcesBuildPhase section */

/* Begin PBXVariantGroup section */
		D980EB3D2637341C008D2A04 /* Main.storyboard */ = {
			isa = PBXVariantGroup;
			children = (
				D980EB3E2637341C008D2A04 /* Base */,
			);
			name = Main.storyboard;
			sourceTree = "<group>";
		};
/* End PBXVariantGroup section */

/* Begin XCBuildConfiguration section */
		D980EB462637341D008D2A04 /* Debug */ = {
			isa = XCBuildConfiguration;
			buildSettings = {
				ALWAYS_SEARCH_USER_PATHS = NO;
				CLANG_ANALYZER_NONNULL = YES;
				CLANG_ANALYZER_NUMBER_OBJECT_CONVERSION = YES_AGGRESSIVE;
				CLANG_CXX_LANGUAGE_STANDARD = "gnu++14";
				CLANG_CXX_LIBRARY = "libc++";
				CLANG_ENABLE_MODULES = YES;
				CLANG_ENABLE_OBJC_ARC = YES;
				CLANG_ENABLE_OBJC_WEAK = YES;
				CLANG_WARN_BLOCK_CAPTURE_AUTORELEASING = YES;
				CLANG_WARN_BOOL_CONVERSION = YES;
				CLANG_WARN_COMMA = YES;
				CLANG_WARN_CONSTANT_CONVERSION = YES;
				CLANG_WARN_DEPRECATED_OBJC_IMPLEMENTATIONS = YES;
				CLANG_WARN_DIRECT_OBJC_ISA_USAGE = YES_ERROR;
				CLANG_WARN_DOCUMENTATION_COMMENTS = YES;
				CLANG_WARN_EMPTY_BODY = YES;
				CLANG_WARN_ENUM_CONVERSION = YES;
				CLANG_WARN_INFINITE_RECURSION = YES;
				CLANG_WARN_INT_CONVERSION = YES;
				CLANG_WARN_NON_LITERAL_NULL_CONVERSION = YES;
				CLANG_WARN_OBJC_IMPLICIT_RETAIN_SELF = YES;
				CLANG_WARN_OBJC_LITERAL_CONVERSION = YES;
				CLANG_WARN_OBJC_ROOT_CLASS = YES_ERROR;
				CLANG_WARN_QUOTED_INCLUDE_IN_FRAMEWORK_HEADER = YES;
				CLANG_WARN_RANGE_LOOP_ANALYSIS = YES;
				CLANG_WARN_STRICT_PROTOTYPES = YES;
				CLANG_WARN_SUSPICIOUS_MOVE = YES;
				CLANG_WARN_UNGUARDED_AVAILABILITY = YES_AGGRESSIVE;
				CLANG_WARN_UNREACHABLE_CODE = YES;
				CLANG_WARN__DUPLICATE_METHOD_MATCH = YES;
				COPY_PHASE_STRIP = NO;
				DEBUG_INFORMATION_FORMAT = dwarf;
				ENABLE_STRICT_OBJC_MSGSEND = YES;
				ENABLE_TESTABILITY = YES;
				GCC_C_LANGUAGE_STANDARD = gnu11;
				GCC_DYNAMIC_NO_PIC = NO;
				GCC_NO_COMMON_BLOCKS = YES;
				GCC_OPTIMIZATION_LEVEL = 0;
				GCC_PREPROCESSOR_DEFINITIONS = (
					"DEBUG=1",
					"$(inherited)",
				);
				GCC_WARN_64_TO_32_BIT_CONVERSION = YES;
				GCC_WARN_ABOUT_RETURN_TYPE = YES_ERROR;
				GCC_WARN_UNDECLARED_SELECTOR = YES;
				GCC_WARN_UNINITIALIZED_AUTOS = YES_AGGRESSIVE;
				GCC_WARN_UNUSED_FUNCTION = YES;
				GCC_WARN_UNUSED_VARIABLE = YES;
				IPHONEOS_DEPLOYMENT_TARGET = 13.0;
				MTL_ENABLE_DEBUG_INFO = INCLUDE_SOURCE;
				MTL_FAST_MATH = YES;
				ONLY_ACTIVE_ARCH = YES;
				SDKROOT = iphoneos;
				SWIFT_ACTIVE_COMPILATION_CONDITIONS = DEBUG;
				SWIFT_OPTIMIZATION_LEVEL = "-Onone";
			};
			name = Debug;
		};
		D980EB472637341D008D2A04 /* Release */ = {
			isa = XCBuildConfiguration;
			buildSettings = {
				ALWAYS_SEARCH_USER_PATHS = NO;
				CLANG_ANALYZER_NONNULL = YES;
				CLANG_ANALYZER_NUMBER_OBJECT_CONVERSION = YES_AGGRESSIVE;
				CLANG_CXX_LANGUAGE_STANDARD = "gnu++14";
				CLANG_CXX_LIBRARY = "libc++";
				CLANG_ENABLE_MODULES = YES;
				CLANG_ENABLE_OBJC_ARC = YES;
				CLANG_ENABLE_OBJC_WEAK = YES;
				CLANG_WARN_BLOCK_CAPTURE_AUTORELEASING = YES;
				CLANG_WARN_BOOL_CONVERSION = YES;
				CLANG_WARN_COMMA = YES;
				CLANG_WARN_CONSTANT_CONVERSION = YES;
				CLANG_WARN_DEPRECATED_OBJC_IMPLEMENTATIONS = YES;
				CLANG_WARN_DIRECT_OBJC_ISA_USAGE = YES_ERROR;
				CLANG_WARN_DOCUMENTATION_COMMENTS = YES;
				CLANG_WARN_EMPTY_BODY = YES;
				CLANG_WARN_ENUM_CONVERSION = YES;
				CLANG_WARN_INFINITE_RECURSION = YES;
				CLANG_WARN_INT_CONVERSION = YES;
				CLANG_WARN_NON_LITERAL_NULL_CONVERSION = YES;
				CLANG_WARN_OBJC_IMPLICIT_RETAIN_SELF = YES;
				CLANG_WARN_OBJC_LITERAL_CONVERSION = YES;
				CLANG_WARN_OBJC_ROOT_CLASS = YES_ERROR;
				CLANG_WARN_QUOTED_INCLUDE_IN_FRAMEWORK_HEADER = YES;
				CLANG_WARN_RANGE_LOOP_ANALYSIS = YES;
				CLANG_WARN_STRICT_PROTOTYPES = YES;
				CLANG_WARN_SUSPICIOUS_MOVE = YES;
				CLANG_WARN_UNGUARDED_AVAILABILITY = YES_AGGRESSIVE;
				CLANG_WARN_UNREACHABLE_CODE = YES;
				CLANG_WARN__DUPLICATE_METHOD_MATCH = YES;
				COPY_PHASE_STRIP = NO;
				DEBUG_INFORMATION_FORMAT = "dwarf-with-dsym";
				ENABLE_NS_ASSERTIONS = NO;
				ENABLE_STRICT_OBJC_MSGSEND = YES;
				GCC_C_LANGUAGE_STANDARD = gnu11;
				GCC_NO_COMMON_BLOCKS = YES;
				GCC_WARN_64_TO_32_BIT_CONVERSION = YES;
				GCC_WARN_ABOUT_RETURN_TYPE = YES_ERROR;
				GCC_WARN_UNDECLARED_SELECTOR = YES;
				GCC_WARN_UNINITIALIZED_AUTOS = YES_AGGRESSIVE;
				GCC_WARN_UNUSED_FUNCTION = YES;
				GCC_WARN_UNUSED_VARIABLE = YES;
				IPHONEOS_DEPLOYMENT_TARGET = 13.0;
				MTL_ENABLE_DEBUG_INFO = NO;
				MTL_FAST_MATH = YES;
				SDKROOT = iphoneos;
				SWIFT_COMPILATION_MODE = wholemodule;
				SWIFT_OPTIMIZATION_LEVEL = "-O";
				VALIDATE_PRODUCT = YES;
			};
			name = Release;
		};
		D980EB492637341D008D2A04 /* Debug */ = {
			isa = XCBuildConfiguration;
			buildSettings = {
				ASSETCATALOG_COMPILER_APPICON_NAME = AppIcon;
				ASSETCATALOG_COMPILER_GLOBAL_ACCENT_COLOR_NAME = AccentColor;
				CODE_SIGN_STYLE = Automatic;
				DEVELOPMENT_TEAM = 4A7J823U6W;
				INFOPLIST_FILE = CheckLists/Info.plist;
				LD_RUNPATH_SEARCH_PATHS = (
					"$(inherited)",
					"@executable_path/Frameworks",
				);
				PRODUCT_BUNDLE_IDENTIFIER = "Saad-Sherif.CheckLists";
				PRODUCT_NAME = "$(TARGET_NAME)";
				SWIFT_VERSION = 5.0;
				TARGETED_DEVICE_FAMILY = "1,2";
			};
			name = Debug;
		};
		D980EB4A2637341D008D2A04 /* Release */ = {
			isa = XCBuildConfiguration;
			buildSettings = {
				ASSETCATALOG_COMPILER_APPICON_NAME = AppIcon;
				ASSETCATALOG_COMPILER_GLOBAL_ACCENT_COLOR_NAME = AccentColor;
				CODE_SIGN_STYLE = Automatic;
				DEVELOPMENT_TEAM = 4A7J823U6W;
				INFOPLIST_FILE = CheckLists/Info.plist;
				LD_RUNPATH_SEARCH_PATHS = (
					"$(inherited)",
					"@executable_path/Frameworks",
				);
				PRODUCT_BUNDLE_IDENTIFIER = "Saad-Sherif.CheckLists";
				PRODUCT_NAME = "$(TARGET_NAME)";
				SWIFT_VERSION = 5.0;
				TARGETED_DEVICE_FAMILY = "1,2";
			};
			name = Release;
		};
/* End XCBuildConfiguration section */

/* Begin XCConfigurationList section */
		D980EB2F2637341C008D2A04 /* Build configuration list for PBXProject "CheckLists" */ = {
			isa = XCConfigurationList;
			buildConfigurations = (
				D980EB462637341D008D2A04 /* Debug */,
				D980EB472637341D008D2A04 /* Release */,
			);
			defaultConfigurationIsVisible = 0;
			defaultConfigurationName = Release;
		};
		D980EB482637341D008D2A04 /* Build configuration list for PBXNativeTarget "CheckLists" */ = {
			isa = XCConfigurationList;
			buildConfigurations = (
				D980EB492637341D008D2A04 /* Debug */,
				D980EB4A2637341D008D2A04 /* Release */,
			);
			defaultConfigurationIsVisible = 0;
			defaultConfigurationName = Release;
		};
/* End XCConfigurationList section */
	};
	rootObject = D980EB2C2637341C008D2A04 /* Project object */;
}
